
Microsoft Visual Studio Solution File, Format Version 12.00
# Visual Studio Version 16
VisualStudioVersion = 16.0.30011.22
MinimumVisualStudioVersion = 10.0.40219.1
Project("{9A19103F-16F7-4668-BE54-9A1E7A4F7556}") = "CVDentalSteticSystem", "CVDentalSteticSystem\CVDentalSteticSystem.csproj", "{D9B8E9F2-A9A9-45C7-A4AE-97E0C4C9151B}"
EndProject
Global
	GlobalSection(SolutionConfigurationPlatforms) = preSolution
		Debug|Any CPU = Debug|Any CPU
		Release|Any CPU = Release|Any CPU
	EndGlobalSection
	GlobalSection(ProjectConfigurationPlatforms) = postSolution
		{D9B8E9F2-A9A9-45C7-A4AE-97E0C4C9151B}.Debug|Any CPU.ActiveCfg = Debug|Any CPU
		{D9B8E9F2-A9A9-45C7-A4AE-97E0C4C9151B}.Debug|Any CPU.Build.0 = Debug|Any CPU
		{D9B8E9F2-A9A9-45C7-A4AE-97E0C4C9151B}.Release|Any CPU.ActiveCfg = Release|Any CPU
		{D9B8E9F2-A9A9-45C7-A4AE-97E0C4C9151B}.Release|Any CPU.Build.0 = Release|Any CPU
	EndGlobalSection
	GlobalSection(SolutionProperties) = preSolution
		HideSolutionNode = FALSE
	EndGlobalSection
	GlobalSection(ExtensibilityGlobals) = postSolution
		SolutionGuid = {3A6B43EC-1E35-410C-9FF0-5785CB52E326}
	EndGlobalSection
EndGlobal
